
Microsoft Visual Studio Solution File, Format Version 12.00
# Visual Studio 15
VisualStudioVersion = 15.0.27130.2027
MinimumVisualStudioVersion = 10.0.40219.1
Project("{FAE04EC0-301F-11D3-BF4B-00C04F79EFBC}") = "Regex", "Regex\Regex.csproj", "{45F126E0-E7C9-4A07-AE83-C999B3624162}"
EndProject
Project("{FAE04EC0-301F-11D3-BF4B-00C04F79EFBC}") = "RegexTest", "RegexTest\RegexTest.csproj", "{58EDF032-9B98-4C98-92C6-CA0B8E0C18E8}"
EndProject
Global
	GlobalSection(SolutionConfigurationPlatforms) = preSolution
		Debug|Any CPU = Debug|Any CPU
		Release|Any CPU = Release|Any CPU
	EndGlobalSection
	GlobalSection(ProjectConfigurationPlatforms) = postSolution
		{45F126E0-E7C9-4A07-AE83-C999B3624162}.Debug|Any CPU.ActiveCfg = Debug|Any CPU
		{45F126E0-E7C9-4A07-AE83-C999B3624162}.Debug|Any CPU.Build.0 = Debug|Any CPU
		{45F126E0-E7C9-4A07-AE83-C999B3624162}.Release|Any CPU.ActiveCfg = Release|Any CPU
		{45F126E0-E7C9-4A07-AE83-C999B3624162}.Release|Any CPU.Build.0 = Release|Any CPU
		{58EDF032-9B98-4C98-92C6-CA0B8E0C18E8}.Debug|Any CPU.ActiveCfg = Debug|Any CPU
		{58EDF032-9B98-4C98-92C6-CA0B8E0C18E8}.Debug|Any CPU.Build.0 = Debug|Any CPU
		{58EDF032-9B98-4C98-92C6-CA0B8E0C18E8}.Release|Any CPU.ActiveCfg = Release|Any CPU
		{58EDF032-9B98-4C98-92C6-CA0B8E0C18E8}.Release|Any CPU.Build.0 = Release|Any CPU
	EndGlobalSection
	GlobalSection(SolutionProperties) = preSolution
		HideSolutionNode = FALSE
	EndGlobalSection
	GlobalSection(ExtensibilityGlobals) = postSolution
		SolutionGuid = {A9607139-544C-4444-B37C-B8B9E974016D}
	EndGlobalSection
EndGlobal
